
Microsoft Visual Studio Solution File, Format Version 12.00
# Visual Studio Version 16
VisualStudioVersion = 16.0.30114.105
MinimumVisualStudioVersion = 10.0.40219.1
Project("{9A19103F-16F7-4668-BE54-9A1E7A4F7556}") = "Doppler.UsersApi.Test", "Doppler.UsersApi.Test\Doppler.UsersApi.Test.csproj", "{81385F70-C0F6-4FA6-B7F2-F0840D63A88D}"
	ProjectSection(ProjectDependencies) = postProject
		{49BB898F-2931-4ED1-8D5C-47A336B782FB} = {49BB898F-2931-4ED1-8D5C-47A336B782FB}
	EndProjectSection
EndProject
Project("{9A19103F-16F7-4668-BE54-9A1E7A4F7556}") = "Doppler.UsersApi", "Doppler.UsersApi\Doppler.UsersApi.csproj", "{49BB898F-2931-4ED1-8D5C-47A336B782FB}"
EndProject
Project("{2150E333-8FDC-42A3-9474-1A3956D46DE8}") = "Misc Files", "Misc Files", "{31D8EE15-A4D6-40F5-B5A9-B73BCFCB341F}"
	ProjectSection(SolutionItems) = preProject
		.dockerignore = .dockerignore
		.editorconfig = .editorconfig
		.gitattributes = .gitattributes
		.gitignore = .gitignore
		.gitlint = .gitlint
		.prettierignore = .prettierignore
		build-n-publish.sh = build-n-publish.sh
		Dockerfile = Dockerfile
		Jenkinsfile = Jenkinsfile
		package.json = package.json
		README.md = README.md
	EndProjectSection
EndProject
Global
	GlobalSection(SolutionConfigurationPlatforms) = preSolution
		Debug|Any CPU = Debug|Any CPU
		Release|Any CPU = Release|Any CPU
	EndGlobalSection
	GlobalSection(ProjectConfigurationPlatforms) = postSolution
		{81385F70-C0F6-4FA6-B7F2-F0840D63A88D}.Debug|Any CPU.ActiveCfg = Debug|Any CPU
		{81385F70-C0F6-4FA6-B7F2-F0840D63A88D}.Debug|Any CPU.Build.0 = Debug|Any CPU
		{81385F70-C0F6-4FA6-B7F2-F0840D63A88D}.Release|Any CPU.ActiveCfg = Release|Any CPU
		{81385F70-C0F6-4FA6-B7F2-F0840D63A88D}.Release|Any CPU.Build.0 = Release|Any CPU
		{49BB898F-2931-4ED1-8D5C-47A336B782FB}.Debug|Any CPU.ActiveCfg = Debug|Any CPU
		{49BB898F-2931-4ED1-8D5C-47A336B782FB}.Debug|Any CPU.Build.0 = Debug|Any CPU
		{49BB898F-2931-4ED1-8D5C-47A336B782FB}.Release|Any CPU.ActiveCfg = Release|Any CPU
		{49BB898F-2931-4ED1-8D5C-47A336B782FB}.Release|Any CPU.Build.0 = Release|Any CPU
	EndGlobalSection
	GlobalSection(SolutionProperties) = preSolution
		HideSolutionNode = FALSE
	EndGlobalSection
	GlobalSection(ExtensibilityGlobals) = postSolution
		SolutionGuid = {63863FFD-F9A3-49A6-BB5C-199DB4C4A5D5}
	EndGlobalSection
EndGlobal
